// !$*UTF8*$!
{
	archiveVersion = 1;
	classes = {
	};
	objectVersion = 56;
	objects = {

/* Begin PBXBuildFile section */
		D208BA622A79A51700D6DE2B /* SwiftUIVideoPlayerApp.swift in Sources */ = {isa = PBXBuildFile; fileRef = D208BA612A79A51700D6DE2B /* SwiftUIVideoPlayerApp.swift */; };
		D208BA642A79A51700D6DE2B /* VideoPlayerCompositeView.swift in Sources */ = {isa = PBXBuildFile; fileRef = D208BA632A79A51700D6DE2B /* VideoPlayerCompositeView.swift */; };
		D208BA662A79A51800D6DE2B /* Assets.xcassets in Resources */ = {isa = PBXBuildFile; fileRef = D208BA652A79A51800D6DE2B /* Assets.xcassets */; };
		D208BA692A79A51800D6DE2B /* Preview Assets.xcassets in Resources */ = {isa = PBXBuildFile; fileRef = D208BA682A79A51800D6DE2B /* Preview Assets.xcassets */; };
		D209D9D92A7B32D30002C4AE /* VideoPlayerConfigView.swift in Sources */ = {isa = PBXBuildFile; fileRef = D209D9D82A7B32D30002C4AE /* VideoPlayerConfigView.swift */; };
		D209D9DB2A8425510002C4AE /* VideoPlayerConfig.swift in Sources */ = {isa = PBXBuildFile; fileRef = D209D9DA2A8425510002C4AE /* VideoPlayerConfig.swift */; };
		D209D9DD2A8536A30002C4AE /* VideoPlayerStateObserver.swift in Sources */ = {isa = PBXBuildFile; fileRef = D209D9DC2A8536A30002C4AE /* VideoPlayerStateObserver.swift */; };
		D209D9DF2A8537320002C4AE /* VideoPlayerStateObserverView.swift in Sources */ = {isa = PBXBuildFile; fileRef = D209D9DE2A8537320002C4AE /* VideoPlayerStateObserverView.swift */; };
/* End PBXBuildFile section */

/* Begin PBXFileReference section */
		D208BA5E2A79A51700D6DE2B /* SwiftUIVideoPlayer.app */ = {isa = PBXFileReference; explicitFileType = wrapper.application; includeInIndex = 0; path = SwiftUIVideoPlayer.app; sourceTree = BUILT_PRODUCTS_DIR; };
		D208BA612A79A51700D6DE2B /* SwiftUIVideoPlayerApp.swift */ = {isa = PBXFileReference; lastKnownFileType = sourcecode.swift; path = SwiftUIVideoPlayerApp.swift; sourceTree = "<group>"; };
		D208BA632A79A51700D6DE2B /* VideoPlayerCompositeView.swift */ = {isa = PBXFileReference; lastKnownFileType = sourcecode.swift; path = VideoPlayerCompositeView.swift; sourceTree = "<group>"; };
		D208BA652A79A51800D6DE2B /* Assets.xcassets */ = {isa = PBXFileReference; lastKnownFileType = folder.assetcatalog; path = Assets.xcassets; sourceTree = "<group>"; };
		D208BA682A79A51800D6DE2B /* Preview Assets.xcassets */ = {isa = PBXFileReference; lastKnownFileType = folder.assetcatalog; path = "Preview Assets.xcassets"; sourceTree = "<group>"; };
		D209D9D82A7B32D30002C4AE /* VideoPlayerConfigView.swift */ = {isa = PBXFileReference; lastKnownFileType = sourcecode.swift; path = VideoPlayerConfigView.swift; sourceTree = "<group>"; };
		D209D9DA2A8425510002C4AE /* VideoPlayerConfig.swift */ = {isa = PBXFileReference; lastKnownFileType = sourcecode.swift; path = VideoPlayerConfig.swift; sourceTree = "<group>"; };
		D209D9DC2A8536A30002C4AE /* VideoPlayerStateObserver.swift */ = {isa = PBXFileReference; lastKnownFileType = sourcecode.swift; path = VideoPlayerStateObserver.swift; sourceTree = "<group>"; };
		D209D9DE2A8537320002C4AE /* VideoPlayerStateObserverView.swift */ = {isa = PBXFileReference; lastKnownFileType = sourcecode.swift; path = VideoPlayerStateObserverView.swift; sourceTree = "<group>"; };
/* End PBXFileReference section */

/* Begin PBXFrameworksBuildPhase section */
		D208BA5B2A79A51700D6DE2B /* Frameworks */ = {
			isa = PBXFrameworksBuildPhase;
			buildActionMask = 2147483647;
			files = (
			);
			runOnlyForDeploymentPostprocessing = 0;
		};
/* End PBXFrameworksBuildPhase section */

/* Begin PBXGroup section */
		D208BA552A79A51700D6DE2B = {
			isa = PBXGroup;
			children = (
				D208BA5F2A79A51700D6DE2B /* Products */,
				D208BA602A79A51700D6DE2B /* SwiftUIVideoPlayer */,
			);
			sourceTree = "<group>";
		};
		D208BA5F2A79A51700D6DE2B /* Products */ = {
			isa = PBXGroup;
			children = (
				D208BA5E2A79A51700D6DE2B /* SwiftUIVideoPlayer.app */,
			);
			name = Products;
			sourceTree = "<group>";
		};
		D208BA602A79A51700D6DE2B /* SwiftUIVideoPlayer */ = {
			isa = PBXGroup;
			children = (
				D208BA652A79A51800D6DE2B /* Assets.xcassets */,
				D208BA672A79A51800D6DE2B /* Preview Content */,
				D208BA612A79A51700D6DE2B /* SwiftUIVideoPlayerApp.swift */,
				D209D9DA2A8425510002C4AE /* VideoPlayerConfig.swift */,
				D209D9D82A7B32D30002C4AE /* VideoPlayerConfigView.swift */,
				D209D9DC2A8536A30002C4AE /* VideoPlayerStateObserver.swift */,
				D209D9DE2A8537320002C4AE /* VideoPlayerStateObserverView.swift */,
				D208BA632A79A51700D6DE2B /* VideoPlayerCompositeView.swift */,
			);
			path = SwiftUIVideoPlayer;
			sourceTree = "<group>";
		};
		D208BA672A79A51800D6DE2B /* Preview Content */ = {
			isa = PBXGroup;
			children = (
				D208BA682A79A51800D6DE2B /* Preview Assets.xcassets */,
			);
			path = "Preview Content";
			sourceTree = "<group>";
		};
/* End PBXGroup section */

/* Begin PBXNativeTarget section */
		D208BA5D2A79A51700D6DE2B /* SwiftUIVideoPlayer */ = {
			isa = PBXNativeTarget;
			buildConfigurationList = D208BA6C2A79A51800D6DE2B /* Build configuration list for PBXNativeTarget "SwiftUIVideoPlayer" */;
			buildPhases = (
				D208BA5A2A79A51700D6DE2B /* Sources */,
				D208BA5B2A79A51700D6DE2B /* Frameworks */,
				D208BA5C2A79A51700D6DE2B /* Resources */,
			);
			buildRules = (
			);
			dependencies = (
			);
			name = SwiftUIVideoPlayer;
			productName = SwiftUIVideoPlayer;
			productReference = D208BA5E2A79A51700D6DE2B /* SwiftUIVideoPlayer.app */;
			productType = "com.apple.product-type.application";
		};
/* End PBXNativeTarget section */

/* Begin PBXProject section */
		D208BA562A79A51700D6DE2B /* Project object */ = {
			isa = PBXProject;
			attributes = {
				BuildIndependentTargetsInParallel = 1;
				LastSwiftUpdateCheck = 1430;
				LastUpgradeCheck = 1430;
				TargetAttributes = {
					D208BA5D2A79A51700D6DE2B = {
						CreatedOnToolsVersion = 14.3.1;
					};
				};
			};
			buildConfigurationList = D208BA592A79A51700D6DE2B /* Build configuration list for PBXProject "SwiftUIVideoPlayer" */;
			compatibilityVersion = "Xcode 14.0";
			developmentRegion = en;
			hasScannedForEncodings = 0;
			knownRegions = (
				en,
				Base,
			);
			mainGroup = D208BA552A79A51700D6DE2B;
			productRefGroup = D208BA5F2A79A51700D6DE2B /* Products */;
			projectDirPath = "";
			projectRoot = "";
			targets = (
				D208BA5D2A79A51700D6DE2B /* SwiftUIVideoPlayer */,
			);
		};
/* End PBXProject section */

/* Begin PBXResourcesBuildPhase section */
		D208BA5C2A79A51700D6DE2B /* Resources */ = {
			isa = PBXResourcesBuildPhase;
			buildActionMask = 2147483647;
			files = (
				D208BA692A79A51800D6DE2B /* Preview Assets.xcassets in Resources */,
				D208BA662A79A51800D6DE2B /* Assets.xcassets in Resources */,
			);
			runOnlyForDeploymentPostprocessing = 0;
		};
/* End PBXResourcesBuildPhase section */

/* Begin PBXSourcesBuildPhase section */
		D208BA5A2A79A51700D6DE2B /* Sources */ = {
			isa = PBXSourcesBuildPhase;
			buildActionMask = 2147483647;
			files = (
				D209D9DB2A8425510002C4AE /* VideoPlayerConfig.swift in Sources */,
				D209D9D92A7B32D30002C4AE /* VideoPlayerConfigView.swift in Sources */,
				D208BA642A79A51700D6DE2B /* VideoPlayerCompositeView.swift in Sources */,
				D209D9DF2A8537320002C4AE /* VideoPlayerStateObserverView.swift in Sources */,
				D208BA622A79A51700D6DE2B /* SwiftUIVideoPlayerApp.swift in Sources */,
				D209D9DD2A8536A30002C4AE /* VideoPlayerStateObserver.swift in Sources */,
			);
			runOnlyForDeploymentPostprocessing = 0;
		};
/* End PBXSourcesBuildPhase section */

/* Begin XCBuildConfiguration section */
		D208BA6A2A79A51800D6DE2B /* Debug */ = {
			isa = XCBuildConfiguration;
			buildSettings = {
				ALWAYS_SEARCH_USER_PATHS = NO;
				CLANG_ANALYZER_NONNULL = YES;
				CLANG_ANALYZER_NUMBER_OBJECT_CONVERSION = YES_AGGRESSIVE;
				CLANG_CXX_LANGUAGE_STANDARD = "gnu++20";
				CLANG_ENABLE_MODULES = YES;
				CLANG_ENABLE_OBJC_ARC = YES;
				CLANG_ENABLE_OBJC_WEAK = YES;
				CLANG_WARN_BLOCK_CAPTURE_AUTORELEASING = YES;
				CLANG_WARN_BOOL_CONVERSION = YES;
				CLANG_WARN_COMMA = YES;
				CLANG_WARN_CONSTANT_CONVERSION = YES;
				CLANG_WARN_DEPRECATED_OBJC_IMPLEMENTATIONS = YES;
				CLANG_WARN_DIRECT_OBJC_ISA_USAGE = YES_ERROR;
				CLANG_WARN_DOCUMENTATION_COMMENTS = YES;
				CLANG_WARN_EMPTY_BODY = YES;
				CLANG_WARN_ENUM_CONVERSION = YES;
				CLANG_WARN_INFINITE_RECURSION = YES;
				CLANG_WARN_INT_CONVERSION = YES;
				CLANG_WARN_NON_LITERAL_NULL_CONVERSION = YES;
				CLANG_WARN_OBJC_IMPLICIT_RETAIN_SELF = YES;
				CLANG_WARN_OBJC_LITERAL_CONVERSION = YES;
				CLANG_WARN_OBJC_ROOT_CLASS = YES_ERROR;
				CLANG_WARN_QUOTED_INCLUDE_IN_FRAMEWORK_HEADER = YES;
				CLANG_WARN_RANGE_LOOP_ANALYSIS = YES;
				CLANG_WARN_STRICT_PROTOTYPES = YES;
				CLANG_WARN_SUSPICIOUS_MOVE = YES;
				CLANG_WARN_UNGUARDED_AVAILABILITY = YES_AGGRESSIVE;
				CLANG_WARN_UNREACHABLE_CODE = YES;
				CLANG_WARN__DUPLICATE_METHOD_MATCH = YES;
				COPY_PHASE_STRIP = NO;
				DEBUG_INFORMATION_FORMAT = dwarf;
				ENABLE_STRICT_OBJC_MSGSEND = YES;
				ENABLE_TESTABILITY = YES;
				GCC_C_LANGUAGE_STANDARD = gnu11;
				GCC_DYNAMIC_NO_PIC = NO;
				GCC_NO_COMMON_BLOCKS = YES;
				GCC_OPTIMIZATION_LEVEL = 0;
				GCC_PREPROCESSOR_DEFINITIONS = (
					"DEBUG=1",
					"$(inherited)",
				);
				GCC_WARN_64_TO_32_BIT_CONVERSION = YES;
				GCC_WARN_ABOUT_RETURN_TYPE = YES_ERROR;
				GCC_WARN_UNDECLARED_SELECTOR = YES;
				GCC_WARN_UNINITIALIZED_AUTOS = YES_AGGRESSIVE;
				GCC_WARN_UNUSED_FUNCTION = YES;
				GCC_WARN_UNUSED_VARIABLE = YES;
				IPHONEOS_DEPLOYMENT_TARGET = 16.4;
				MTL_ENABLE_DEBUG_INFO = INCLUDE_SOURCE;
				MTL_FAST_MATH = YES;
				ONLY_ACTIVE_ARCH = YES;
				SDKROOT = iphoneos;
				SWIFT_ACTIVE_COMPILATION_CONDITIONS = DEBUG;
				SWIFT_OPTIMIZATION_LEVEL = "-Onone";
			};
			name = Debug;
		};
		D208BA6B2A79A51800D6DE2B /* Release */ = {
			isa = XCBuildConfiguration;
			buildSettings = {
				ALWAYS_SEARCH_USER_PATHS = NO;
				CLANG_ANALYZER_NONNULL = YES;
				CLANG_ANALYZER_NUMBER_OBJECT_CONVERSION = YES_AGGRESSIVE;
				CLANG_CXX_LANGUAGE_STANDARD = "gnu++20";
				CLANG_ENABLE_MODULES = YES;
				CLANG_ENABLE_OBJC_ARC = YES;
				CLANG_ENABLE_OBJC_WEAK = YES;
				CLANG_WARN_BLOCK_CAPTURE_AUTORELEASING = YES;
				CLANG_WARN_BOOL_CONVERSION = YES;
				CLANG_WARN_COMMA = YES;
				CLANG_WARN_CONSTANT_CONVERSION = YES;
				CLANG_WARN_DEPRECATED_OBJC_IMPLEMENTATIONS = YES;
				CLANG_WARN_DIRECT_OBJC_ISA_USAGE = YES_ERROR;
				CLANG_WARN_DOCUMENTATION_COMMENTS = YES;
				CLANG_WARN_EMPTY_BODY = YES;
				CLANG_WARN_ENUM_CONVERSION = YES;
				CLANG_WARN_INFINITE_RECURSION = YES;
				CLANG_WARN_INT_CONVERSION = YES;
				CLANG_WARN_NON_LITERAL_NULL_CONVERSION = YES;
				CLANG_WARN_OBJC_IMPLICIT_RETAIN_SELF = YES;
				CLANG_WARN_OBJC_LITERAL_CONVERSION = YES;
				CLANG_WARN_OBJC_ROOT_CLASS = YES_ERROR;
				CLANG_WARN_QUOTED_INCLUDE_IN_FRAMEWORK_HEADER = YES;
				CLANG_WARN_RANGE_LOOP_ANALYSIS = YES;
				CLANG_WARN_STRICT_PROTOTYPES = YES;
				CLANG_WARN_SUSPICIOUS_MOVE = YES;
				CLANG_WARN_UNGUARDED_AVAILABILITY = YES_AGGRESSIVE;
				CLANG_WARN_UNREACHABLE_CODE = YES;
				CLANG_WARN__DUPLICATE_METHOD_MATCH = YES;
				COPY_PHASE_STRIP = NO;
				DEBUG_INFORMATION_FORMAT = "dwarf-with-dsym";
				ENABLE_NS_ASSERTIONS = NO;
				ENABLE_STRICT_OBJC_MSGSEND = YES;
				GCC_C_LANGUAGE_STANDARD = gnu11;
				GCC_NO_COMMON_BLOCKS = YES;
				GCC_WARN_64_TO_32_BIT_CONVERSION = YES;
				GCC_WARN_ABOUT_RETURN_TYPE = YES_ERROR;
				GCC_WARN_UNDECLARED_SELECTOR = YES;
				GCC_WARN_UNINITIALIZED_AUTOS = YES_AGGRESSIVE;
				GCC_WARN_UNUSED_FUNCTION = YES;
				GCC_WARN_UNUSED_VARIABLE = YES;
				IPHONEOS_DEPLOYMENT_TARGET = 16.4;
				MTL_ENABLE_DEBUG_INFO = NO;
				MTL_FAST_MATH = YES;
				SDKROOT = iphoneos;
				SWIFT_COMPILATION_MODE = wholemodule;
				SWIFT_OPTIMIZATION_LEVEL = "-O";
				VALIDATE_PRODUCT = YES;
			};
			name = Release;
		};
		D208BA6D2A79A51800D6DE2B /* Debug */ = {
			isa = XCBuildConfiguration;
			buildSettings = {
				ASSETCATALOG_COMPILER_APPICON_NAME = AppIcon;
				ASSETCATALOG_COMPILER_GLOBAL_ACCENT_COLOR_NAME = AccentColor;
				CODE_SIGN_STYLE = Automatic;
				CURRENT_PROJECT_VERSION = 1;
				DEVELOPMENT_ASSET_PATHS = "\"SwiftUIVideoPlayer/Preview Content\"";
				DEVELOPMENT_TEAM = URVCVT96N6;
				ENABLE_PREVIEWS = YES;
				GENERATE_INFOPLIST_FILE = YES;
				INFOPLIST_KEY_UIApplicationSceneManifest_Generation = YES;
				INFOPLIST_KEY_UIApplicationSupportsIndirectInputEvents = YES;
				INFOPLIST_KEY_UILaunchScreen_Generation = YES;
				INFOPLIST_KEY_UISupportedInterfaceOrientations_iPad = "UIInterfaceOrientationPortrait UIInterfaceOrientationPortraitUpsideDown UIInterfaceOrientationLandscapeLeft UIInterfaceOrientationLandscapeRight";
				INFOPLIST_KEY_UISupportedInterfaceOrientations_iPhone = "UIInterfaceOrientationPortrait UIInterfaceOrientationLandscapeLeft UIInterfaceOrientationLandscapeRight";
				LD_RUNPATH_SEARCH_PATHS = (
					"$(inherited)",
					"@executable_path/Frameworks",
				);
				MARKETING_VERSION = 1.0;
				PRODUCT_BUNDLE_IDENTIFIER = com.blankcanvas.video.SwiftUIVideoPlayer;
				PRODUCT_NAME = "$(TARGET_NAME)";
				SWIFT_EMIT_LOC_STRINGS = YES;
				SWIFT_VERSION = 5.0;
				TARGETED_DEVICE_FAMILY = "1,2";
			};
			name = Debug;
		};
		D208BA6E2A79A51800D6DE2B /* Release */ = {
			isa = XCBuildConfiguration;
			buildSettings = {
				ASSETCATALOG_COMPILER_APPICON_NAME = AppIcon;
				ASSETCATALOG_COMPILER_GLOBAL_ACCENT_COLOR_NAME = AccentColor;
				CODE_SIGN_STYLE = Automatic;
				CURRENT_PROJECT_VERSION = 1;
				DEVELOPMENT_ASSET_PATHS = "\"SwiftUIVideoPlayer/Preview Content\"";
				DEVELOPMENT_TEAM = URVCVT96N6;
				ENABLE_PREVIEWS = YES;
				GENERATE_INFOPLIST_FILE = YES;
				INFOPLIST_KEY_UIApplicationSceneManifest_Generation = YES;
				INFOPLIST_KEY_UIApplicationSupportsIndirectInputEvents = YES;
				INFOPLIST_KEY_UILaunchScreen_Generation = YES;
				INFOPLIST_KEY_UISupportedInterfaceOrientations_iPad = "UIInterfaceOrientationPortrait UIInterfaceOrientationPortraitUpsideDown UIInterfaceOrientationLandscapeLeft UIInterfaceOrientationLandscapeRight";
				INFOPLIST_KEY_UISupportedInterfaceOrientations_iPhone = "UIInterfaceOrientationPortrait UIInterfaceOrientationLandscapeLeft UIInterfaceOrientationLandscapeRight";
				LD_RUNPATH_SEARCH_PATHS = (
					"$(inherited)",
					"@executable_path/Frameworks",
				);
				MARKETING_VERSION = 1.0;
				PRODUCT_BUNDLE_IDENTIFIER = com.blankcanvas.video.SwiftUIVideoPlayer;
				PRODUCT_NAME = "$(TARGET_NAME)";
				SWIFT_EMIT_LOC_STRINGS = YES;
				SWIFT_VERSION = 5.0;
				TARGETED_DEVICE_FAMILY = "1,2";
			};
			name = Release;
		};
/* End XCBuildConfiguration section */

/* Begin XCConfigurationList section */
		D208BA592A79A51700D6DE2B /* Build configuration list for PBXProject "SwiftUIVideoPlayer" */ = {
			isa = XCConfigurationList;
			buildConfigurations = (
				D208BA6A2A79A51800D6DE2B /* Debug */,
				D208BA6B2A79A51800D6DE2B /* Release */,
			);
			defaultConfigurationIsVisible = 0;
			defaultConfigurationName = Release;
		};
		D208BA6C2A79A51800D6DE2B /* Build configuration list for PBXNativeTarget "SwiftUIVideoPlayer" */ = {
			isa = XCConfigurationList;
			buildConfigurations = (
				D208BA6D2A79A51800D6DE2B /* Debug */,
				D208BA6E2A79A51800D6DE2B /* Release */,
			);
			defaultConfigurationIsVisible = 0;
			defaultConfigurationName = Release;
		};
/* End XCConfigurationList section */
	};
	rootObject = D208BA562A79A51700D6DE2B /* Project object */;
}
